// !$*UTF8*$!
{
	archiveVersion = 1;
	classes = {
	};
	objectVersion = 56;
	objects = {

/* Begin PBXBuildFile section */
		039B93352C215A8A0023B75F /* FruitHubApp.swift in Sources */ = {isa = PBXBuildFile; fileRef = 039B93342C215A8A0023B75F /* FruitHubApp.swift */; };
		039B93392C215A8E0023B75F /* Assets.xcassets in Resources */ = {isa = PBXBuildFile; fileRef = 039B93382C215A8E0023B75F /* Assets.xcassets */; };
		039B933C2C215A8E0023B75F /* Preview Assets.xcassets in Resources */ = {isa = PBXBuildFile; fileRef = 039B933B2C215A8E0023B75F /* Preview Assets.xcassets */; };
		039B93432C215ACE0023B75F /* WelcomeScreen.swift in Sources */ = {isa = PBXBuildFile; fileRef = 039B93422C215ACE0023B75F /* WelcomeScreen.swift */; };
		039B93452C215D970023B75F /* CustomSplashScreen.swift in Sources */ = {isa = PBXBuildFile; fileRef = 039B93442C215D970023B75F /* CustomSplashScreen.swift */; };
		039B93472C215F5F0023B75F /* ConstantsAndExtensions.swift in Sources */ = {isa = PBXBuildFile; fileRef = 039B93462C215F5F0023B75F /* ConstantsAndExtensions.swift */; };
		039B93492C2199CB0023B75F /* BadScript-Regular.ttf in Resources */ = {isa = PBXBuildFile; fileRef = 039B93482C2199CB0023B75F /* BadScript-Regular.ttf */; };
		03D065472C22D5880005A370 /* BrandonGrotesque-Medium.ttf in Resources */ = {isa = PBXBuildFile; fileRef = 03D065462C22D5880005A370 /* BrandonGrotesque-Medium.ttf */; };
		03D065492C22D6EA0005A370 /* BrandonGrotesque-Regular.otf in Resources */ = {isa = PBXBuildFile; fileRef = 03D065482C22D6EA0005A370 /* BrandonGrotesque-Regular.otf */; };
		03D0654B2C22E2910005A370 /* AuthenticationScreen.swift in Sources */ = {isa = PBXBuildFile; fileRef = 03D0654A2C22E2910005A370 /* AuthenticationScreen.swift */; };
/* End PBXBuildFile section */

/* Begin PBXFileReference section */
		039B93312C215A8A0023B75F /* FruitHub.app */ = {isa = PBXFileReference; explicitFileType = wrapper.application; includeInIndex = 0; path = FruitHub.app; sourceTree = BUILT_PRODUCTS_DIR; };
		039B93342C215A8A0023B75F /* FruitHubApp.swift */ = {isa = PBXFileReference; lastKnownFileType = sourcecode.swift; path = FruitHubApp.swift; sourceTree = "<group>"; };
		039B93382C215A8E0023B75F /* Assets.xcassets */ = {isa = PBXFileReference; lastKnownFileType = folder.assetcatalog; path = Assets.xcassets; sourceTree = "<group>"; };
		039B933B2C215A8E0023B75F /* Preview Assets.xcassets */ = {isa = PBXFileReference; lastKnownFileType = folder.assetcatalog; path = "Preview Assets.xcassets"; sourceTree = "<group>"; };
		039B93422C215ACE0023B75F /* WelcomeScreen.swift */ = {isa = PBXFileReference; lastKnownFileType = sourcecode.swift; path = WelcomeScreen.swift; sourceTree = "<group>"; };
		039B93442C215D970023B75F /* CustomSplashScreen.swift */ = {isa = PBXFileReference; lastKnownFileType = sourcecode.swift; path = CustomSplashScreen.swift; sourceTree = "<group>"; };
		039B93462C215F5F0023B75F /* ConstantsAndExtensions.swift */ = {isa = PBXFileReference; lastKnownFileType = sourcecode.swift; path = ConstantsAndExtensions.swift; sourceTree = "<group>"; };
		039B93482C2199CB0023B75F /* BadScript-Regular.ttf */ = {isa = PBXFileReference; lastKnownFileType = file; path = "BadScript-Regular.ttf"; sourceTree = "<group>"; };
		039B934A2C2199E30023B75F /* Info.plist */ = {isa = PBXFileReference; lastKnownFileType = text.plist; path = Info.plist; sourceTree = "<group>"; };
		03D065462C22D5880005A370 /* BrandonGrotesque-Medium.ttf */ = {isa = PBXFileReference; lastKnownFileType = file; path = "BrandonGrotesque-Medium.ttf"; sourceTree = "<group>"; };
		03D065482C22D6EA0005A370 /* BrandonGrotesque-Regular.otf */ = {isa = PBXFileReference; lastKnownFileType = file; path = "BrandonGrotesque-Regular.otf"; sourceTree = "<group>"; };
		03D0654A2C22E2910005A370 /* AuthenticationScreen.swift */ = {isa = PBXFileReference; lastKnownFileType = sourcecode.swift; path = AuthenticationScreen.swift; sourceTree = "<group>"; };
/* End PBXFileReference section */

/* Begin PBXFrameworksBuildPhase section */
		039B932E2C215A8A0023B75F /* Frameworks */ = {
			isa = PBXFrameworksBuildPhase;
			buildActionMask = 2147483647;
			files = (
			);
			runOnlyForDeploymentPostprocessing = 0;
		};
/* End PBXFrameworksBuildPhase section */

/* Begin PBXGroup section */
		039B93282C215A8A0023B75F = {
			isa = PBXGroup;
			children = (
				039B93332C215A8A0023B75F /* FruitHub */,
				039B93322C215A8A0023B75F /* Products */,
			);
			sourceTree = "<group>";
		};
		039B93322C215A8A0023B75F /* Products */ = {
			isa = PBXGroup;
			children = (
				039B93312C215A8A0023B75F /* FruitHub.app */,
			);
			name = Products;
			sourceTree = "<group>";
		};
		039B93332C215A8A0023B75F /* FruitHub */ = {
			isa = PBXGroup;
			children = (
				039B934A2C2199E30023B75F /* Info.plist */,
				039B93482C2199CB0023B75F /* BadScript-Regular.ttf */,
				03D065482C22D6EA0005A370 /* BrandonGrotesque-Regular.otf */,
				03D065462C22D5880005A370 /* BrandonGrotesque-Medium.ttf */,
				03D065432C22C0510005A370 /* Entry */,
				039B93342C215A8A0023B75F /* FruitHubApp.swift */,
				039B93462C215F5F0023B75F /* ConstantsAndExtensions.swift */,
				039B93382C215A8E0023B75F /* Assets.xcassets */,
				039B933A2C215A8E0023B75F /* Preview Content */,
			);
			path = FruitHub;
			sourceTree = "<group>";
		};
		039B933A2C215A8E0023B75F /* Preview Content */ = {
			isa = PBXGroup;
			children = (
				039B933B2C215A8E0023B75F /* Preview Assets.xcassets */,
			);
			path = "Preview Content";
			sourceTree = "<group>";
		};
		03D065432C22C0510005A370 /* Entry */ = {
			isa = PBXGroup;
			children = (
				039B93442C215D970023B75F /* CustomSplashScreen.swift */,
				039B93422C215ACE0023B75F /* WelcomeScreen.swift */,
				03D0654A2C22E2910005A370 /* AuthenticationScreen.swift */,
			);
			path = Entry;
			sourceTree = "<group>";
		};
/* End PBXGroup section */

/* Begin PBXNativeTarget section */
		039B93302C215A8A0023B75F /* FruitHub */ = {
			isa = PBXNativeTarget;
			buildConfigurationList = 039B933F2C215A8E0023B75F /* Build configuration list for PBXNativeTarget "FruitHub" */;
			buildPhases = (
				039B932D2C215A8A0023B75F /* Sources */,
				039B932E2C215A8A0023B75F /* Frameworks */,
				039B932F2C215A8A0023B75F /* Resources */,
			);
			buildRules = (
			);
			dependencies = (
			);
			name = FruitHub;
			productName = FruitHub;
			productReference = 039B93312C215A8A0023B75F /* FruitHub.app */;
			productType = "com.apple.product-type.application";
		};
/* End PBXNativeTarget section */

/* Begin PBXProject section */
		039B93292C215A8A0023B75F /* Project object */ = {
			isa = PBXProject;
			attributes = {
				BuildIndependentTargetsInParallel = 1;
				LastSwiftUpdateCheck = 1520;
				LastUpgradeCheck = 1520;
				TargetAttributes = {
					039B93302C215A8A0023B75F = {
						CreatedOnToolsVersion = 15.2;
					};
				};
			};
			buildConfigurationList = 039B932C2C215A8A0023B75F /* Build configuration list for PBXProject "FruitHub" */;
			compatibilityVersion = "Xcode 14.0";
			developmentRegion = en;
			hasScannedForEncodings = 0;
			knownRegions = (
				en,
				Base,
			);
			mainGroup = 039B93282C215A8A0023B75F;
			productRefGroup = 039B93322C215A8A0023B75F /* Products */;
			projectDirPath = "";
			projectRoot = "";
			targets = (
				039B93302C215A8A0023B75F /* FruitHub */,
			);
		};
/* End PBXProject section */

/* Begin PBXResourcesBuildPhase section */
		039B932F2C215A8A0023B75F /* Resources */ = {
			isa = PBXResourcesBuildPhase;
			buildActionMask = 2147483647;
			files = (
				03D065472C22D5880005A370 /* BrandonGrotesque-Medium.ttf in Resources */,
				03D065492C22D6EA0005A370 /* BrandonGrotesque-Regular.otf in Resources */,
				039B93492C2199CB0023B75F /* BadScript-Regular.ttf in Resources */,
				039B933C2C215A8E0023B75F /* Preview Assets.xcassets in Resources */,
				039B93392C215A8E0023B75F /* Assets.xcassets in Resources */,
			);
			runOnlyForDeploymentPostprocessing = 0;
		};
/* End PBXResourcesBuildPhase section */

/* Begin PBXSourcesBuildPhase section */
		039B932D2C215A8A0023B75F /* Sources */ = {
			isa = PBXSourcesBuildPhase;
			buildActionMask = 2147483647;
			files = (
				039B93432C215ACE0023B75F /* WelcomeScreen.swift in Sources */,
				03D0654B2C22E2910005A370 /* AuthenticationScreen.swift in Sources */,
				039B93452C215D970023B75F /* CustomSplashScreen.swift in Sources */,
				039B93472C215F5F0023B75F /* ConstantsAndExtensions.swift in Sources */,
				039B93352C215A8A0023B75F /* FruitHubApp.swift in Sources */,
			);
			runOnlyForDeploymentPostprocessing = 0;
		};
/* End PBXSourcesBuildPhase section */

/* Begin XCBuildConfiguration section */
		039B933D2C215A8E0023B75F /* Debug */ = {
			isa = XCBuildConfiguration;
			buildSettings = {
				ALWAYS_SEARCH_USER_PATHS = NO;
				ASSETCATALOG_COMPILER_GENERATE_SWIFT_ASSET_SYMBOL_EXTENSIONS = YES;
				CLANG_ANALYZER_NONNULL = YES;
				CLANG_ANALYZER_NUMBER_OBJECT_CONVERSION = YES_AGGRESSIVE;
				CLANG_CXX_LANGUAGE_STANDARD = "gnu++20";
				CLANG_ENABLE_MODULES = YES;
				CLANG_ENABLE_OBJC_ARC = YES;
				CLANG_ENABLE_OBJC_WEAK = YES;
				CLANG_WARN_BLOCK_CAPTURE_AUTORELEASING = YES;
				CLANG_WARN_BOOL_CONVERSION = YES;
				CLANG_WARN_COMMA = YES;
				CLANG_WARN_CONSTANT_CONVERSION = YES;
				CLANG_WARN_DEPRECATED_OBJC_IMPLEMENTATIONS = YES;
				CLANG_WARN_DIRECT_OBJC_ISA_USAGE = YES_ERROR;
				CLANG_WARN_DOCUMENTATION_COMMENTS = YES;
				CLANG_WARN_EMPTY_BODY = YES;
				CLANG_WARN_ENUM_CONVERSION = YES;
				CLANG_WARN_INFINITE_RECURSION = YES;
				CLANG_WARN_INT_CONVERSION = YES;
				CLANG_WARN_NON_LITERAL_NULL_CONVERSION = YES;
				CLANG_WARN_OBJC_IMPLICIT_RETAIN_SELF = YES;
				CLANG_WARN_OBJC_LITERAL_CONVERSION = YES;
				CLANG_WARN_OBJC_ROOT_CLASS = YES_ERROR;
				CLANG_WARN_QUOTED_INCLUDE_IN_FRAMEWORK_HEADER = YES;
				CLANG_WARN_RANGE_LOOP_ANALYSIS = YES;
				CLANG_WARN_STRICT_PROTOTYPES = YES;
				CLANG_WARN_SUSPICIOUS_MOVE = YES;
				CLANG_WARN_UNGUARDED_AVAILABILITY = YES_AGGRESSIVE;
				CLANG_WARN_UNREACHABLE_CODE = YES;
				CLANG_WARN__DUPLICATE_METHOD_MATCH = YES;
				COPY_PHASE_STRIP = NO;
				DEBUG_INFORMATION_FORMAT = dwarf;
				ENABLE_STRICT_OBJC_MSGSEND = YES;
				ENABLE_TESTABILITY = YES;
				ENABLE_USER_SCRIPT_SANDBOXING = YES;
				GCC_C_LANGUAGE_STANDARD = gnu17;
				GCC_DYNAMIC_NO_PIC = NO;
				GCC_NO_COMMON_BLOCKS = YES;
				GCC_OPTIMIZATION_LEVEL = 0;
				GCC_PREPROCESSOR_DEFINITIONS = (
					"DEBUG=1",
					"$(inherited)",
				);
				GCC_WARN_64_TO_32_BIT_CONVERSION = YES;
				GCC_WARN_ABOUT_RETURN_TYPE = YES_ERROR;
				GCC_WARN_UNDECLARED_SELECTOR = YES;
				GCC_WARN_UNINITIALIZED_AUTOS = YES_AGGRESSIVE;
				GCC_WARN_UNUSED_FUNCTION = YES;
				GCC_WARN_UNUSED_VARIABLE = YES;
				IPHONEOS_DEPLOYMENT_TARGET = 17.2;
				LOCALIZATION_PREFERS_STRING_CATALOGS = YES;
				MTL_ENABLE_DEBUG_INFO = INCLUDE_SOURCE;
				MTL_FAST_MATH = YES;
				ONLY_ACTIVE_ARCH = YES;
				SDKROOT = iphoneos;
				SWIFT_ACTIVE_COMPILATION_CONDITIONS = "DEBUG $(inherited)";
				SWIFT_OPTIMIZATION_LEVEL = "-Onone";
			};
			name = Debug;
		};
		039B933E2C215A8E0023B75F /* Release */ = {
			isa = XCBuildConfiguration;
			buildSettings = {
				ALWAYS_SEARCH_USER_PATHS = NO;
				ASSETCATALOG_COMPILER_GENERATE_SWIFT_ASSET_SYMBOL_EXTENSIONS = YES;
				CLANG_ANALYZER_NONNULL = YES;
				CLANG_ANALYZER_NUMBER_OBJECT_CONVERSION = YES_AGGRESSIVE;
				CLANG_CXX_LANGUAGE_STANDARD = "gnu++20";
				CLANG_ENABLE_MODULES = YES;
				CLANG_ENABLE_OBJC_ARC = YES;
				CLANG_ENABLE_OBJC_WEAK = YES;
				CLANG_WARN_BLOCK_CAPTURE_AUTORELEASING = YES;
				CLANG_WARN_BOOL_CONVERSION = YES;
				CLANG_WARN_COMMA = YES;
				CLANG_WARN_CONSTANT_CONVERSION = YES;
				CLANG_WARN_DEPRECATED_OBJC_IMPLEMENTATIONS = YES;
				CLANG_WARN_DIRECT_OBJC_ISA_USAGE = YES_ERROR;
				CLANG_WARN_DOCUMENTATION_COMMENTS = YES;
				CLANG_WARN_EMPTY_BODY = YES;
				CLANG_WARN_ENUM_CONVERSION = YES;
				CLANG_WARN_INFINITE_RECURSION = YES;
				CLANG_WARN_INT_CONVERSION = YES;
				CLANG_WARN_NON_LITERAL_NULL_CONVERSION = YES;
				CLANG_WARN_OBJC_IMPLICIT_RETAIN_SELF = YES;
				CLANG_WARN_OBJC_LITERAL_CONVERSION = YES;
				CLANG_WARN_OBJC_ROOT_CLASS = YES_ERROR;
				CLANG_WARN_QUOTED_INCLUDE_IN_FRAMEWORK_HEADER = YES;
				CLANG_WARN_RANGE_LOOP_ANALYSIS = YES;
				CLANG_WARN_STRICT_PROTOTYPES = YES;
				CLANG_WARN_SUSPICIOUS_MOVE = YES;
				CLANG_WARN_UNGUARDED_AVAILABILITY = YES_AGGRESSIVE;
				CLANG_WARN_UNREACHABLE_CODE = YES;
				CLANG_WARN__DUPLICATE_METHOD_MATCH = YES;
				COPY_PHASE_STRIP = NO;
				DEBUG_INFORMATION_FORMAT = "dwarf-with-dsym";
				ENABLE_NS_ASSERTIONS = NO;
				ENABLE_STRICT_OBJC_MSGSEND = YES;
				ENABLE_USER_SCRIPT_SANDBOXING = YES;
				GCC_C_LANGUAGE_STANDARD = gnu17;
				GCC_NO_COMMON_BLOCKS = YES;
				GCC_WARN_64_TO_32_BIT_CONVERSION = YES;
				GCC_WARN_ABOUT_RETURN_TYPE = YES_ERROR;
				GCC_WARN_UNDECLARED_SELECTOR = YES;
				GCC_WARN_UNINITIALIZED_AUTOS = YES_AGGRESSIVE;
				GCC_WARN_UNUSED_FUNCTION = YES;
				GCC_WARN_UNUSED_VARIABLE = YES;
				IPHONEOS_DEPLOYMENT_TARGET = 17.2;
				LOCALIZATION_PREFERS_STRING_CATALOGS = YES;
				MTL_ENABLE_DEBUG_INFO = NO;
				MTL_FAST_MATH = YES;
				SDKROOT = iphoneos;
				SWIFT_COMPILATION_MODE = wholemodule;
				VALIDATE_PRODUCT = YES;
			};
			name = Release;
		};
		039B93402C215A8E0023B75F /* Debug */ = {
			isa = XCBuildConfiguration;
			buildSettings = {
				ASSETCATALOG_COMPILER_APPICON_NAME = AppIcon;
				ASSETCATALOG_COMPILER_GLOBAL_ACCENT_COLOR_NAME = AccentColor;
				CODE_SIGN_STYLE = Automatic;
				CURRENT_PROJECT_VERSION = 1;
				DEVELOPMENT_ASSET_PATHS = "\"FruitHub/Preview Content\"";
				DEVELOPMENT_TEAM = Q3R7KZDP97;
				ENABLE_PREVIEWS = YES;
				GENERATE_INFOPLIST_FILE = YES;
				INFOPLIST_FILE = FruitHub/Info.plist;
				INFOPLIST_KEY_UIApplicationSceneManifest_Generation = YES;
				INFOPLIST_KEY_UIApplicationSupportsIndirectInputEvents = YES;
				INFOPLIST_KEY_UILaunchScreen_Generation = YES;
				INFOPLIST_KEY_UISupportedInterfaceOrientations_iPad = "UIInterfaceOrientationPortrait UIInterfaceOrientationPortraitUpsideDown UIInterfaceOrientationLandscapeLeft UIInterfaceOrientationLandscapeRight";
				INFOPLIST_KEY_UISupportedInterfaceOrientations_iPhone = "UIInterfaceOrientationPortrait UIInterfaceOrientationLandscapeLeft UIInterfaceOrientationLandscapeRight";
				LD_RUNPATH_SEARCH_PATHS = (
					"$(inherited)",
					"@executable_path/Frameworks",
				);
				MARKETING_VERSION = 1.0;
				PRODUCT_BUNDLE_IDENTIFIER = com.subhranshu.FruitHub;
				PRODUCT_NAME = "$(TARGET_NAME)";
				SWIFT_EMIT_LOC_STRINGS = YES;
				SWIFT_VERSION = 5.0;
				TARGETED_DEVICE_FAMILY = "1,2";
			};
			name = Debug;
		};
		039B93412C215A8E0023B75F /* Release */ = {
			isa = XCBuildConfiguration;
			buildSettings = {
				ASSETCATALOG_COMPILER_APPICON_NAME = AppIcon;
				ASSETCATALOG_COMPILER_GLOBAL_ACCENT_COLOR_NAME = AccentColor;
				CODE_SIGN_STYLE = Automatic;
				CURRENT_PROJECT_VERSION = 1;
				DEVELOPMENT_ASSET_PATHS = "\"FruitHub/Preview Content\"";
				DEVELOPMENT_TEAM = Q3R7KZDP97;
				ENABLE_PREVIEWS = YES;
				GENERATE_INFOPLIST_FILE = YES;
				INFOPLIST_FILE = FruitHub/Info.plist;
				INFOPLIST_KEY_UIApplicationSceneManifest_Generation = YES;
				INFOPLIST_KEY_UIApplicationSupportsIndirectInputEvents = YES;
				INFOPLIST_KEY_UILaunchScreen_Generation = YES;
				INFOPLIST_KEY_UISupportedInterfaceOrientations_iPad = "UIInterfaceOrientationPortrait UIInterfaceOrientationPortraitUpsideDown UIInterfaceOrientationLandscapeLeft UIInterfaceOrientationLandscapeRight";
				INFOPLIST_KEY_UISupportedInterfaceOrientations_iPhone = "UIInterfaceOrientationPortrait UIInterfaceOrientationLandscapeLeft UIInterfaceOrientationLandscapeRight";
				LD_RUNPATH_SEARCH_PATHS = (
					"$(inherited)",
					"@executable_path/Frameworks",
				);
				MARKETING_VERSION = 1.0;
				PRODUCT_BUNDLE_IDENTIFIER = com.subhranshu.FruitHub;
				PRODUCT_NAME = "$(TARGET_NAME)";
				SWIFT_EMIT_LOC_STRINGS = YES;
				SWIFT_VERSION = 5.0;
				TARGETED_DEVICE_FAMILY = "1,2";
			};
			name = Release;
		};
/* End XCBuildConfiguration section */

/* Begin XCConfigurationList section */
		039B932C2C215A8A0023B75F /* Build configuration list for PBXProject "FruitHub" */ = {
			isa = XCConfigurationList;
			buildConfigurations = (
				039B933D2C215A8E0023B75F /* Debug */,
				039B933E2C215A8E0023B75F /* Release */,
			);
			defaultConfigurationIsVisible = 0;
			defaultConfigurationName = Release;
		};
		039B933F2C215A8E0023B75F /* Build configuration list for PBXNativeTarget "FruitHub" */ = {
			isa = XCConfigurationList;
			buildConfigurations = (
				039B93402C215A8E0023B75F /* Debug */,
				039B93412C215A8E0023B75F /* Release */,
			);
			defaultConfigurationIsVisible = 0;
			defaultConfigurationName = Release;
		};
/* End XCConfigurationList section */
	};
	rootObject = 039B93292C215A8A0023B75F /* Project object */;
}
